
Microsoft Visual Studio Solution File, Format Version 12.00
# Visual Studio Version 17
VisualStudioVersion = 17.6.33801.468
MinimumVisualStudioVersion = 10.0.40219.1
Project("{9A19103F-16F7-4668-BE54-9A1E7A4F7556}") = "BulkyWeb", "BulkyWeb\BulkyWeb.csproj", "{D070D92C-D317-4E34-B47E-65087F979FF2}"
EndProject
Project("{FAE04EC0-301F-11D3-BF4B-00C04F79EFBC}") = "BulkyWebRazor_Temp", "BulkyWebRazor_Temp\BulkyWebRazor_Temp.csproj", "{1E844517-ADA4-4C24-AFD0-76C4C5E1F660}"
EndProject
Global
	GlobalSection(SolutionConfigurationPlatforms) = preSolution
		Debug|Any CPU = Debug|Any CPU
		Release|Any CPU = Release|Any CPU
	EndGlobalSection
	GlobalSection(ProjectConfigurationPlatforms) = postSolution
		{D070D92C-D317-4E34-B47E-65087F979FF2}.Debug|Any CPU.ActiveCfg = Debug|Any CPU
		{D070D92C-D317-4E34-B47E-65087F979FF2}.Debug|Any CPU.Build.0 = Debug|Any CPU
		{D070D92C-D317-4E34-B47E-65087F979FF2}.Release|Any CPU.ActiveCfg = Release|Any CPU
		{D070D92C-D317-4E34-B47E-65087F979FF2}.Release|Any CPU.Build.0 = Release|Any CPU
		{1E844517-ADA4-4C24-AFD0-76C4C5E1F660}.Debug|Any CPU.ActiveCfg = Debug|Any CPU
		{1E844517-ADA4-4C24-AFD0-76C4C5E1F660}.Debug|Any CPU.Build.0 = Debug|Any CPU
		{1E844517-ADA4-4C24-AFD0-76C4C5E1F660}.Release|Any CPU.ActiveCfg = Release|Any CPU
		{1E844517-ADA4-4C24-AFD0-76C4C5E1F660}.Release|Any CPU.Build.0 = Release|Any CPU
	EndGlobalSection
	GlobalSection(SolutionProperties) = preSolution
		HideSolutionNode = FALSE
	EndGlobalSection
	GlobalSection(ExtensibilityGlobals) = postSolution
		SolutionGuid = {9CEBBE58-98B3-4C0B-B1B2-38C4FC175D09}
	EndGlobalSection
EndGlobal
